<?xml version="1.0" encoding="utf-8"?>
<Project ToolsVersion="4.0" xmlns="http://schemas.microsoft.com/developer/msbuild/2003">
  <ItemGroup>
    <Filter Include="Source Files">
      <UniqueIdentifier>{4FC737F1-C7A5-4376-A066-2A32D752A2FF}</UniqueIdentifier>
      <Extensions>cpp;c;cc;cxx;def;odl;idl;hpj;bat;asm;asmx</Extensions>
    </Filter>
    <Filter Include="Header Files">
      <UniqueIdentifier>{93995380-89BD-4b04-88EB-625FBE52EBFB}</UniqueIdentifier>
      <Extensions>h;hh;hpp;hxx;hm;inl;inc;ipp;xsd</Extensions>
    </Filter>
    <Filter Include="Resource Files">
      <UniqueIdentifier>{67DA6AB6-F800-4c08-8B7A-83BB121AAD01}</UniqueIdentifier>
      <Extensions>rc;ico;cur;bmp;dlg;rc2;rct;bin;rgs;gif;jpg;jpeg;jpe;resx;tiff;tif;png;wav;mfcribbon-ms</Extensions>
    </Filter>
  </ItemGroup>
  <ItemGroup>
    <ClCompile Include="Source.cpp">
      <Filter>Source Files</Filter>
    </ClCompile>
    <ClCompile Include="EColor.cpp">
      <Filter>Source Files</Filter>
    </ClCompile>
    <ClCompile Include="EWindowGame.cpp">
      <Filter>Source Files</Filter>
    </ClCompile>
    <ClCompile Include="EWindow.cpp">
      <Filter>Source Files</Filter>
    </ClCompile>
    <ClCompile Include="glad.c">
      <Filter>Source Files</Filter>
    </ClCompile>
    <ClCompile Include="Batcher.cpp">
      <Filter>Source Files</Filter>
    </ClCompile>
    <ClCompile Include="Enums.h">
      <Filter>Header Files</Filter>
    </ClCompile>
    <ClCompile Include="Entity.cpp">
      <Filter>Source Files</Filter>
    </ClCompile>
    <ClCompile Include="EColorCollection.cpp">
      <Filter>Source Files</Filter>
    </ClCompile>
    <ClCompile Include="ECluster.cpp">
      <Filter>Source Files</Filter>
    </ClCompile>
    <ClCompile Include="AIControl.cpp">
      <Filter>Source Files</Filter>
    </ClCompile>
    <ClCompile Include="AIControlMovableEnemy.cpp">
      <Filter>Source Files</Filter>
    </ClCompile>
    <ClCompile Include="EPathMatrix.cpp">
      <Filter>Source Files</Filter>
    </ClCompile>
    <ClCompile Include="AIControlPlayer.cpp">
      <Filter>Source Files</Filter>
    </ClCompile>
    <ClCompile Include="ETextureAtlas.cpp">
      <Filter>Source Files</Filter>
    </ClCompile>
    <ClCompile Include="EGraphicCore.cpp">
      <Filter>Source Files</Filter>
    </ClCompile>
    <ClCompile Include="EGabarite.cpp">
      <Filter>Source Files</Filter>
    </ClCompile>
    <ClCompile Include="ESprite.cpp">
      <Filter>Source Files</Filter>
    </ClCompile>
  </ItemGroup>
  <ItemGroup>
    <ClInclude Include="EColor.h">
      <Filter>Header Files</Filter>
    </ClInclude>
    <ClInclude Include="EWindow.h">
      <Filter>Header Files</Filter>
    </ClInclude>
    <ClInclude Include="EWindowGame.h">
      <Filter>Header Files</Filter>
    </ClInclude>
    <ClInclude Include="Batcher.h">
      <Filter>Header Files</Filter>
    </ClInclude>
    <ClInclude Include="EGabarite.h">
      <Filter>Header Files</Filter>
    </ClInclude>
    <ClInclude Include="Entity.h">
      <Filter>Header Files</Filter>
    </ClInclude>
    <ClInclude Include="EColorCollection.h">
      <Filter>Header Files</Filter>
    </ClInclude>
    <ClInclude Include="ECluster.h">
      <Filter>Header Files</Filter>
    </ClInclude>
    <ClInclude Include="AIControl.h">
      <Filter>Header Files</Filter>
    </ClInclude>
    <ClInclude Include="AIControlMovableEnemy.h">
      <Filter>Header Files</Filter>
    </ClInclude>
    <ClInclude Include="EPathMatrix.h">
      <Filter>Header Files</Filter>
    </ClInclude>
    <ClInclude Include="AIControlPlayer.h">
      <Filter>Header Files</Filter>
    </ClInclude>
    <ClInclude Include="ETextureAtlas.h">
      <Filter>Header Files</Filter>
    </ClInclude>
    <ClInclude Include="EGraphicCore.h">
      <Filter>Header Files</Filter>
    </ClInclude>
    <ClInclude Include="ESprite.h">
      <Filter>Header Files</Filter>
    </ClInclude>
  </ItemGroup>
</Project>